
Microsoft Visual Studio Solution File, Format Version 12.00
# Visual Studio Version 17
VisualStudioVersion = 17.1.32210.238
MinimumVisualStudioVersion = 10.0.40219.1
Project("{2150E333-8FDC-42A3-9474-1A3956D46DE8}") = "Tasks", "Tasks", "{08FE50E4-19F6-471B-AA67-22E20A566A9B}"
	ProjectSection(SolutionItems) = preProject
		1_CreateCustomer.txt = 1_CreateCustomer.txt
		2_CreateContactPerson.txt = 2_CreateContactPerson.txt
		3_CreateOrder.txt = 3_CreateOrder.txt
		4_Save.txt = 4_Save.txt
		5_EntityFramework.txt = 5_EntityFramework.txt
		6_RestAPI.txt = 6_RestAPI.txt
		7_UI.txt = 7_UI.txt
	EndProjectSection
EndProject
Project("{9A19103F-16F7-4668-BE54-9A1E7A4F7556}") = "XrmDay", "XrmDay\XrmDay.csproj", "{6BF55399-5FA6-4E22-8BE1-FAE61FEB87D8}"
EndProject
Global
	GlobalSection(SolutionConfigurationPlatforms) = preSolution
		Debug|Any CPU = Debug|Any CPU
		Release|Any CPU = Release|Any CPU
	EndGlobalSection
	GlobalSection(ProjectConfigurationPlatforms) = postSolution
		{6BF55399-5FA6-4E22-8BE1-FAE61FEB87D8}.Debug|Any CPU.ActiveCfg = Debug|Any CPU
		{6BF55399-5FA6-4E22-8BE1-FAE61FEB87D8}.Debug|Any CPU.Build.0 = Debug|Any CPU
		{6BF55399-5FA6-4E22-8BE1-FAE61FEB87D8}.Release|Any CPU.ActiveCfg = Release|Any CPU
		{6BF55399-5FA6-4E22-8BE1-FAE61FEB87D8}.Release|Any CPU.Build.0 = Release|Any CPU
	EndGlobalSection
	GlobalSection(SolutionProperties) = preSolution
		HideSolutionNode = FALSE
	EndGlobalSection
	GlobalSection(ExtensibilityGlobals) = postSolution
		SolutionGuid = {C3097F08-EC79-4AAA-A489-1A620A48FCE1}
	EndGlobalSection
EndGlobal
